
Microsoft Visual Studio Solution File, Format Version 12.00
# Visual Studio Version 17
VisualStudioVersion = 17.5.002.0
MinimumVisualStudioVersion = 10.0.40219.1
Project("{9A19103F-16F7-4668-BE54-9A1E7A4F7556}") = "Adapar", "Adapar.csproj", "{273C9564-BD91-451F-8C0A-0B9DF47D5661}"
EndProject
Global
	GlobalSection(SolutionConfigurationPlatforms) = preSolution
		Debug|Any CPU = Debug|Any CPU
		Release|Any CPU = Release|Any CPU
	EndGlobalSection
	GlobalSection(ProjectConfigurationPlatforms) = postSolution
		{273C9564-BD91-451F-8C0A-0B9DF47D5661}.Debug|Any CPU.ActiveCfg = Debug|Any CPU
		{273C9564-BD91-451F-8C0A-0B9DF47D5661}.Debug|Any CPU.Build.0 = Debug|Any CPU
		{273C9564-BD91-451F-8C0A-0B9DF47D5661}.Release|Any CPU.ActiveCfg = Release|Any CPU
		{273C9564-BD91-451F-8C0A-0B9DF47D5661}.Release|Any CPU.Build.0 = Release|Any CPU
	EndGlobalSection
	GlobalSection(SolutionProperties) = preSolution
		HideSolutionNode = FALSE
	EndGlobalSection
	GlobalSection(ExtensibilityGlobals) = postSolution
		SolutionGuid = {F6C6E914-8931-4729-9D3C-2C35B2D7919C}
	EndGlobalSection
EndGlobal
